
Microsoft Visual Studio Solution File, Format Version 12.00
# Visual Studio Version 16
VisualStudioVersion = 16.0.31515.178
MinimumVisualStudioVersion = 10.0.40219.1
Project("{9A19103F-16F7-4668-BE54-9A1E7A4F7556}") = "Kampintro", "Kampintro\Kampintro.csproj", "{927988EC-5DE3-456E-AEA3-8A7B15A6F85A}"
EndProject
Project("{9A19103F-16F7-4668-BE54-9A1E7A4F7556}") = "Donguler", "Donguler\Donguler.csproj", "{E1BB3B67-4702-42CF-ABC7-516B4B0D9CC2}"
EndProject
Project("{9A19103F-16F7-4668-BE54-9A1E7A4F7556}") = "Classintro", "Classintro\Classintro.csproj", "{2275A845-D1CB-4923-B1A5-59CE6E40BDFF}"
EndProject
Project("{9A19103F-16F7-4668-BE54-9A1E7A4F7556}") = "Metotlar", "Metotlar\Metotlar.csproj", "{8A02AD63-9A9C-4978-ADC6-83E2FD791433}"
EndProject
Project("{FAE04EC0-301F-11D3-BF4B-00C04F79EFBC}") = "Matematik12", "Matematik12\Matematik12.csproj", "{D2D96D00-4660-473D-9F3C-06248B54AA88}"
EndProject
Project("{FAE04EC0-301F-11D3-BF4B-00C04F79EFBC}") = "DegerVeReferansTipler", "DegerVeReferansTipler\DegerVeReferansTipler.csproj", "{190CEFAE-D582-4444-BFC0-AA0D93577095}"
EndProject
Global
	GlobalSection(SolutionConfigurationPlatforms) = preSolution
		Debug|Any CPU = Debug|Any CPU
		Release|Any CPU = Release|Any CPU
	EndGlobalSection
	GlobalSection(ProjectConfigurationPlatforms) = postSolution
		{927988EC-5DE3-456E-AEA3-8A7B15A6F85A}.Debug|Any CPU.ActiveCfg = Debug|Any CPU
		{927988EC-5DE3-456E-AEA3-8A7B15A6F85A}.Debug|Any CPU.Build.0 = Debug|Any CPU
		{927988EC-5DE3-456E-AEA3-8A7B15A6F85A}.Release|Any CPU.ActiveCfg = Release|Any CPU
		{927988EC-5DE3-456E-AEA3-8A7B15A6F85A}.Release|Any CPU.Build.0 = Release|Any CPU
		{E1BB3B67-4702-42CF-ABC7-516B4B0D9CC2}.Debug|Any CPU.ActiveCfg = Debug|Any CPU
		{E1BB3B67-4702-42CF-ABC7-516B4B0D9CC2}.Debug|Any CPU.Build.0 = Debug|Any CPU
		{E1BB3B67-4702-42CF-ABC7-516B4B0D9CC2}.Release|Any CPU.ActiveCfg = Release|Any CPU
		{E1BB3B67-4702-42CF-ABC7-516B4B0D9CC2}.Release|Any CPU.Build.0 = Release|Any CPU
		{2275A845-D1CB-4923-B1A5-59CE6E40BDFF}.Debug|Any CPU.ActiveCfg = Debug|Any CPU
		{2275A845-D1CB-4923-B1A5-59CE6E40BDFF}.Debug|Any CPU.Build.0 = Debug|Any CPU
		{2275A845-D1CB-4923-B1A5-59CE6E40BDFF}.Release|Any CPU.ActiveCfg = Release|Any CPU
		{2275A845-D1CB-4923-B1A5-59CE6E40BDFF}.Release|Any CPU.Build.0 = Release|Any CPU
		{8A02AD63-9A9C-4978-ADC6-83E2FD791433}.Debug|Any CPU.ActiveCfg = Debug|Any CPU
		{8A02AD63-9A9C-4978-ADC6-83E2FD791433}.Debug|Any CPU.Build.0 = Debug|Any CPU
		{8A02AD63-9A9C-4978-ADC6-83E2FD791433}.Release|Any CPU.ActiveCfg = Release|Any CPU
		{8A02AD63-9A9C-4978-ADC6-83E2FD791433}.Release|Any CPU.Build.0 = Release|Any CPU
		{D2D96D00-4660-473D-9F3C-06248B54AA88}.Debug|Any CPU.ActiveCfg = Debug|Any CPU
		{D2D96D00-4660-473D-9F3C-06248B54AA88}.Debug|Any CPU.Build.0 = Debug|Any CPU
		{D2D96D00-4660-473D-9F3C-06248B54AA88}.Release|Any CPU.ActiveCfg = Release|Any CPU
		{D2D96D00-4660-473D-9F3C-06248B54AA88}.Release|Any CPU.Build.0 = Release|Any CPU
		{190CEFAE-D582-4444-BFC0-AA0D93577095}.Debug|Any CPU.ActiveCfg = Debug|Any CPU
		{190CEFAE-D582-4444-BFC0-AA0D93577095}.Debug|Any CPU.Build.0 = Debug|Any CPU
		{190CEFAE-D582-4444-BFC0-AA0D93577095}.Release|Any CPU.ActiveCfg = Release|Any CPU
		{190CEFAE-D582-4444-BFC0-AA0D93577095}.Release|Any CPU.Build.0 = Release|Any CPU
	EndGlobalSection
	GlobalSection(SolutionProperties) = preSolution
		HideSolutionNode = FALSE
	EndGlobalSection
	GlobalSection(ExtensibilityGlobals) = postSolution
		SolutionGuid = {EB6375EB-CCF8-400D-AA3D-FE1715BA7480}
	EndGlobalSection
EndGlobal
